
Microsoft Visual Studio Solution File, Format Version 12.00
# Visual Studio Version 17
VisualStudioVersion = 17.13.35913.81 d17.13
MinimumVisualStudioVersion = 10.0.40219.1
Project("{FAE04EC0-301F-11D3-BF4B-00C04F79EFBC}") = "URI_1001", "URI_1001\URI_1001.csproj", "{AA000223-50B5-4495-89F6-98BE97DB763E}"
EndProject
Global
	GlobalSection(SolutionConfigurationPlatforms) = preSolution
		Debug|Any CPU = Debug|Any CPU
		Release|Any CPU = Release|Any CPU
	EndGlobalSection
	GlobalSection(ProjectConfigurationPlatforms) = postSolution
		{AA000223-50B5-4495-89F6-98BE97DB763E}.Debug|Any CPU.ActiveCfg = Debug|Any CPU
		{AA000223-50B5-4495-89F6-98BE97DB763E}.Debug|Any CPU.Build.0 = Debug|Any CPU
		{AA000223-50B5-4495-89F6-98BE97DB763E}.Release|Any CPU.ActiveCfg = Release|Any CPU
		{AA000223-50B5-4495-89F6-98BE97DB763E}.Release|Any CPU.Build.0 = Release|Any CPU
	EndGlobalSection
	GlobalSection(SolutionProperties) = preSolution
		HideSolutionNode = FALSE
	EndGlobalSection
	GlobalSection(ExtensibilityGlobals) = postSolution
		SolutionGuid = {3102770A-562F-4F23-82FF-D356BC053906}
	EndGlobalSection
EndGlobal
