
Microsoft Visual Studio Solution File, Format Version 12.00
# Visual Studio Version 17
VisualStudioVersion = 17.13.35913.81
MinimumVisualStudioVersion = 10.0.40219.1
Project("{FAE04EC0-301F-11D3-BF4B-00C04F79EFBC}") = "URI_1001", "URI_1001\URI_1001.csproj", "{AA000223-50B5-4495-89F6-98BE97DB763E}"
EndProject
Project("{FAE04EC0-301F-11D3-BF4B-00C04F79EFBC}") = "URI1002", "..\URI1002\URI1002.csproj", "{D0334A06-0433-470E-8EED-E84F65D54615}"
EndProject
Project("{FAE04EC0-301F-11D3-BF4B-00C04F79EFBC}") = "URI1003", "..\URI1003\URI1003.csproj", "{50FC7628-58D7-4A85-9A39-AF0F88A9B594}"
EndProject
Project("{FAE04EC0-301F-11D3-BF4B-00C04F79EFBC}") = "URI1004", "..\URI1004\URI1004.csproj", "{EB27E360-CC37-44AD-A89C-C225E2EB273D}"
EndProject
Project("{FAE04EC0-301F-11D3-BF4B-00C04F79EFBC}") = "URI1007", "..\URI1007\URI1007.csproj", "{30EF34C7-83FD-431A-BBCC-1109B6C38897}"
EndProject
Project("{FAE04EC0-301F-11D3-BF4B-00C04F79EFBC}") = "URI1008", "..\URI1008\URI1008.csproj", "{B6175DF7-F28C-4DA9-AB3E-CA11C81E2404}"
EndProject
Project("{FAE04EC0-301F-11D3-BF4B-00C04F79EFBC}") = "URI1011", "..\URI1009\URI1011.csproj", "{FCB5EAD9-C7BC-4283-9DD8-AE386058762E}"
EndProject
Global
	GlobalSection(SolutionConfigurationPlatforms) = preSolution
		Debug|Any CPU = Debug|Any CPU
		Release|Any CPU = Release|Any CPU
	EndGlobalSection
	GlobalSection(ProjectConfigurationPlatforms) = postSolution
		{AA000223-50B5-4495-89F6-98BE97DB763E}.Debug|Any CPU.ActiveCfg = Debug|Any CPU
		{AA000223-50B5-4495-89F6-98BE97DB763E}.Debug|Any CPU.Build.0 = Debug|Any CPU
		{AA000223-50B5-4495-89F6-98BE97DB763E}.Release|Any CPU.ActiveCfg = Release|Any CPU
		{AA000223-50B5-4495-89F6-98BE97DB763E}.Release|Any CPU.Build.0 = Release|Any CPU
		{D0334A06-0433-470E-8EED-E84F65D54615}.Debug|Any CPU.ActiveCfg = Debug|Any CPU
		{D0334A06-0433-470E-8EED-E84F65D54615}.Debug|Any CPU.Build.0 = Debug|Any CPU
		{D0334A06-0433-470E-8EED-E84F65D54615}.Release|Any CPU.ActiveCfg = Release|Any CPU
		{D0334A06-0433-470E-8EED-E84F65D54615}.Release|Any CPU.Build.0 = Release|Any CPU
		{50FC7628-58D7-4A85-9A39-AF0F88A9B594}.Debug|Any CPU.ActiveCfg = Debug|Any CPU
		{50FC7628-58D7-4A85-9A39-AF0F88A9B594}.Debug|Any CPU.Build.0 = Debug|Any CPU
		{50FC7628-58D7-4A85-9A39-AF0F88A9B594}.Release|Any CPU.ActiveCfg = Release|Any CPU
		{50FC7628-58D7-4A85-9A39-AF0F88A9B594}.Release|Any CPU.Build.0 = Release|Any CPU
		{EB27E360-CC37-44AD-A89C-C225E2EB273D}.Debug|Any CPU.ActiveCfg = Debug|Any CPU
		{EB27E360-CC37-44AD-A89C-C225E2EB273D}.Debug|Any CPU.Build.0 = Debug|Any CPU
		{EB27E360-CC37-44AD-A89C-C225E2EB273D}.Release|Any CPU.ActiveCfg = Release|Any CPU
		{EB27E360-CC37-44AD-A89C-C225E2EB273D}.Release|Any CPU.Build.0 = Release|Any CPU
		{30EF34C7-83FD-431A-BBCC-1109B6C38897}.Debug|Any CPU.ActiveCfg = Debug|Any CPU
		{30EF34C7-83FD-431A-BBCC-1109B6C38897}.Debug|Any CPU.Build.0 = Debug|Any CPU
		{30EF34C7-83FD-431A-BBCC-1109B6C38897}.Release|Any CPU.ActiveCfg = Release|Any CPU
		{30EF34C7-83FD-431A-BBCC-1109B6C38897}.Release|Any CPU.Build.0 = Release|Any CPU
		{B6175DF7-F28C-4DA9-AB3E-CA11C81E2404}.Debug|Any CPU.ActiveCfg = Debug|Any CPU
		{B6175DF7-F28C-4DA9-AB3E-CA11C81E2404}.Debug|Any CPU.Build.0 = Debug|Any CPU
		{B6175DF7-F28C-4DA9-AB3E-CA11C81E2404}.Release|Any CPU.ActiveCfg = Release|Any CPU
		{B6175DF7-F28C-4DA9-AB3E-CA11C81E2404}.Release|Any CPU.Build.0 = Release|Any CPU
		{FCB5EAD9-C7BC-4283-9DD8-AE386058762E}.Debug|Any CPU.ActiveCfg = Debug|Any CPU
		{FCB5EAD9-C7BC-4283-9DD8-AE386058762E}.Debug|Any CPU.Build.0 = Debug|Any CPU
		{FCB5EAD9-C7BC-4283-9DD8-AE386058762E}.Release|Any CPU.ActiveCfg = Release|Any CPU
		{FCB5EAD9-C7BC-4283-9DD8-AE386058762E}.Release|Any CPU.Build.0 = Release|Any CPU
	EndGlobalSection
	GlobalSection(SolutionProperties) = preSolution
		HideSolutionNode = FALSE
	EndGlobalSection
	GlobalSection(ExtensibilityGlobals) = postSolution
		SolutionGuid = {3102770A-562F-4F23-82FF-D356BC053906}
	EndGlobalSection
EndGlobal
